
Microsoft Visual Studio Solution File, Format Version 12.00
# Visual Studio Version 16
VisualStudioVersion = 16.0.31112.23
MinimumVisualStudioVersion = 10.0.40219.1
Project("{FAE04EC0-301F-11D3-BF4B-00C04F79EFBC}") = "WebApplication", "WebApplication\WebApplication.csproj", "{F8F49C8C-A7A2-4595-A6B3-25792B460B37}"
EndProject
Global
	GlobalSection(SolutionConfigurationPlatforms) = preSolution
		Debug|Any CPU = Debug|Any CPU
		Release|Any CPU = Release|Any CPU
	EndGlobalSection
	GlobalSection(ProjectConfigurationPlatforms) = postSolution
		{F8F49C8C-A7A2-4595-A6B3-25792B460B37}.Debug|Any CPU.ActiveCfg = Debug|Any CPU
		{F8F49C8C-A7A2-4595-A6B3-25792B460B37}.Debug|Any CPU.Build.0 = Debug|Any CPU
		{F8F49C8C-A7A2-4595-A6B3-25792B460B37}.Release|Any CPU.ActiveCfg = Release|Any CPU
		{F8F49C8C-A7A2-4595-A6B3-25792B460B37}.Release|Any CPU.Build.0 = Release|Any CPU
	EndGlobalSection
	GlobalSection(SolutionProperties) = preSolution
		HideSolutionNode = FALSE
	EndGlobalSection
	GlobalSection(ExtensibilityGlobals) = postSolution
		SolutionGuid = {363E02D3-7144-4499-88FE-454FCDBFB358}
	EndGlobalSection
EndGlobal
